
Microsoft Visual Studio Solution File, Format Version 12.00
# Visual Studio Version 16
VisualStudioVersion = 16.0.29306.81
MinimumVisualStudioVersion = 10.0.40219.1
Project("{FAE04EC0-301F-11D3-BF4B-00C04F79EFBC}") = "remote-access-trojan", "remote-access-trojan\remote-access-trojan.csproj", "{67A9B260-B957-40CC-A654-850CFAE65476}"
EndProject
Global
	GlobalSection(SolutionConfigurationPlatforms) = preSolution
		Debug|Any CPU = Debug|Any CPU
		Release|Any CPU = Release|Any CPU
	EndGlobalSection
	GlobalSection(ProjectConfigurationPlatforms) = postSolution
		{67A9B260-B957-40CC-A654-850CFAE65476}.Debug|Any CPU.ActiveCfg = Debug|Any CPU
		{67A9B260-B957-40CC-A654-850CFAE65476}.Debug|Any CPU.Build.0 = Debug|Any CPU
		{67A9B260-B957-40CC-A654-850CFAE65476}.Release|Any CPU.ActiveCfg = Release|Any CPU
		{67A9B260-B957-40CC-A654-850CFAE65476}.Release|Any CPU.Build.0 = Release|Any CPU
	EndGlobalSection
	GlobalSection(SolutionProperties) = preSolution
		HideSolutionNode = FALSE
	EndGlobalSection
	GlobalSection(ExtensibilityGlobals) = postSolution
		SolutionGuid = {A4F42D27-7AE4-4148-BBF5-E0550D268F6A}
	EndGlobalSection
EndGlobal
